
Microsoft Visual Studio Solution File, Format Version 12.00
# Visual Studio 15
VisualStudioVersion = 15.0.27703.2042
MinimumVisualStudioVersion = 10.0.40219.1
Project("{FAE04EC0-301F-11D3-BF4B-00C04F79EFBC}") = "GoldenNumberBot", "Bot2LastOrRandom\GoldenNumberBot.csproj", "{EA73C55C-6D85-4DAB-890A-5AF0D461CFBB}"
EndProject
Global
	GlobalSection(SolutionConfigurationPlatforms) = preSolution
		Debug|Any CPU = Debug|Any CPU
		Release|Any CPU = Release|Any CPU
	EndGlobalSection
	GlobalSection(ProjectConfigurationPlatforms) = postSolution
		{EA73C55C-6D85-4DAB-890A-5AF0D461CFBB}.Debug|Any CPU.ActiveCfg = Debug|Any CPU
		{EA73C55C-6D85-4DAB-890A-5AF0D461CFBB}.Debug|Any CPU.Build.0 = Debug|Any CPU
		{EA73C55C-6D85-4DAB-890A-5AF0D461CFBB}.Release|Any CPU.ActiveCfg = Release|Any CPU
		{EA73C55C-6D85-4DAB-890A-5AF0D461CFBB}.Release|Any CPU.Build.0 = Release|Any CPU
	EndGlobalSection
	GlobalSection(SolutionProperties) = preSolution
		HideSolutionNode = FALSE
	EndGlobalSection
	GlobalSection(ExtensibilityGlobals) = postSolution
		SolutionGuid = {83FB17E2-0020-4044-A632-FC7AC5D82A19}
	EndGlobalSection
EndGlobal
